{
  "requires": true,
  "lockfileVersion": 1,
  "dependencies": {
    "iconv-lite": {
      "version": "0.4.19",
      "resolved": "https://registry.npmjs.org/iconv-lite/-/iconv-lite-0.4.19.tgz",
      "integrity": "sha512-oTZqweIP51xaGPI4uPa56/Pri/480R+mo7SeU+YETByQNhDG55ycFyNLIgta9vXhILrxXDmF7ZGhqZIcuN0gJQ=="
    },
    "parsedbf": {
      "version": "1.0.0",
      "resolved": "https://registry.npmjs.org/parsedbf/-/parsedbf-1.0.0.tgz",
      "integrity": "sha512-qm8G6BPAL8yesN4UP4cNq1rxI5g5OyQNwS/SiLvjVT87PZ+9sbRdIANqH8kPKWvIiDbFM2V3C0xUuh/jvUqRdQ==",
      "requires": {
        "iconv-lite": "0.4.19",
        "text-encoding-polyfill": "0.6.7"
      }
    },
    "text-encoding-polyfill": {
      "version": "0.6.7",
      "resolved": "https://registry.npmjs.org/text-encoding-polyfill/-/text-encoding-polyfill-0.6.7.tgz",
      "integrity": "sha512-/DZ1XJqhbqRkCop6s9ZFu8JrFRwmVuHg4quIRm+ziFkR3N3ec6ck6yBvJ1GYeEQZhLVwRW0rZE+C3SSJpy0RTg=="
    }
  }
}
